
Microsoft Visual Studio Solution File, Format Version 12.00
# Visual Studio Version 17
VisualStudioVersion = 17.11.35222.181
MinimumVisualStudioVersion = 10.0.40219.1
Project("{FAE04EC0-301F-11D3-BF4B-00C04F79EFBC}") = "inverter string", "inverter string\inverter string.csproj", "{25319E8E-EDAF-4D71-9499-553B93FA429E}"
EndProject
Global
	GlobalSection(SolutionConfigurationPlatforms) = preSolution
		Debug|Any CPU = Debug|Any CPU
		Release|Any CPU = Release|Any CPU
	EndGlobalSection
	GlobalSection(ProjectConfigurationPlatforms) = postSolution
		{25319E8E-EDAF-4D71-9499-553B93FA429E}.Debug|Any CPU.ActiveCfg = Debug|Any CPU
		{25319E8E-EDAF-4D71-9499-553B93FA429E}.Debug|Any CPU.Build.0 = Debug|Any CPU
		{25319E8E-EDAF-4D71-9499-553B93FA429E}.Release|Any CPU.ActiveCfg = Release|Any CPU
		{25319E8E-EDAF-4D71-9499-553B93FA429E}.Release|Any CPU.Build.0 = Release|Any CPU
	EndGlobalSection
	GlobalSection(SolutionProperties) = preSolution
		HideSolutionNode = FALSE
	EndGlobalSection
	GlobalSection(ExtensibilityGlobals) = postSolution
		SolutionGuid = {46629EFC-FF7B-4852-A3ED-FBFC75A0D05C}
	EndGlobalSection
EndGlobal
